# THIS IS AN AUTOGENERATED FILE. DO NOT EDIT THIS FILE DIRECTLY.
# yarn lockfile v1


"@types/node@~8.0.58":
  version "8.0.58"
  resolved "https://registry.yarnpkg.com/@types/node/-/node-8.0.58.tgz#5b3881c0be3a646874803fee3197ea7f1ed6df90"

struct@^0.0.12:
  version "0.0.12"
  resolved "https://registry.yarnpkg.com/struct/-/struct-0.0.12.tgz#8330af872664e9a5bd678664524857c50908038a"
